
Microsoft Visual Studio Solution File, Format Version 12.00
# Visual Studio Version 17
VisualStudioVersion = 17.7.34221.43
MinimumVisualStudioVersion = 10.0.40219.1
Project("{FAE04EC0-301F-11D3-BF4B-00C04F79EFBC}") = "GA_Constructors_ManjulaRajan", "GA_Constructors_ManjulaRajan.csproj", "{7AB74D14-BA8B-4377-BC30-0B66569EBFD8}"
EndProject
Global
	GlobalSection(SolutionConfigurationPlatforms) = preSolution
		Debug|Any CPU = Debug|Any CPU
		Release|Any CPU = Release|Any CPU
	EndGlobalSection
	GlobalSection(ProjectConfigurationPlatforms) = postSolution
		{7AB74D14-BA8B-4377-BC30-0B66569EBFD8}.Debug|Any CPU.ActiveCfg = Debug|Any CPU
		{7AB74D14-BA8B-4377-BC30-0B66569EBFD8}.Debug|Any CPU.Build.0 = Debug|Any CPU
		{7AB74D14-BA8B-4377-BC30-0B66569EBFD8}.Release|Any CPU.ActiveCfg = Release|Any CPU
		{7AB74D14-BA8B-4377-BC30-0B66569EBFD8}.Release|Any CPU.Build.0 = Release|Any CPU
	EndGlobalSection
	GlobalSection(SolutionProperties) = preSolution
		HideSolutionNode = FALSE
	EndGlobalSection
	GlobalSection(ExtensibilityGlobals) = postSolution
		SolutionGuid = {668F8BF2-6E47-4771-8350-D84C64FAF642}
	EndGlobalSection
EndGlobal
